
Microsoft Visual Studio Solution File, Format Version 12.00
# Visual Studio Version 17
VisualStudioVersion = 17.7.34031.279
MinimumVisualStudioVersion = 10.0.40219.1
Project("{FAE04EC0-301F-11D3-BF4B-00C04F79EFBC}") = "Rochas.Encrypter", "Rochas.Encrypter\Rochas.Encrypter.csproj", "{C31E242A-879F-418B-BD80-D2174F7819BF}"
EndProject
Global
	GlobalSection(SolutionConfigurationPlatforms) = preSolution
		Debug|Any CPU = Debug|Any CPU
		Release|Any CPU = Release|Any CPU
	EndGlobalSection
	GlobalSection(ProjectConfigurationPlatforms) = postSolution
		{C31E242A-879F-418B-BD80-D2174F7819BF}.Debug|Any CPU.ActiveCfg = Debug|Any CPU
		{C31E242A-879F-418B-BD80-D2174F7819BF}.Debug|Any CPU.Build.0 = Debug|Any CPU
		{C31E242A-879F-418B-BD80-D2174F7819BF}.Release|Any CPU.ActiveCfg = Release|Any CPU
		{C31E242A-879F-418B-BD80-D2174F7819BF}.Release|Any CPU.Build.0 = Release|Any CPU
	EndGlobalSection
	GlobalSection(SolutionProperties) = preSolution
		HideSolutionNode = FALSE
	EndGlobalSection
	GlobalSection(ExtensibilityGlobals) = postSolution
		SolutionGuid = {638BAB82-7893-4575-B5D9-5DDE63CA2C74}
	EndGlobalSection
EndGlobal
